// !$*UTF8*$!
{
	archiveVersion = 1;
	classes = {
	};
	objectVersion = 48;
	objects = {

/* Begin PBXBuildFile section */
		5F07CB652055D9F800C75884 /* AppDelegate.swift in Sources */ = {isa = PBXBuildFile; fileRef = 5F07CB642055D9F800C75884 /* AppDelegate.swift */; };
		5F07CB672055D9F800C75884 /* TodoListViewController.swift in Sources */ = {isa = PBXBuildFile; fileRef = 5F07CB662055D9F800C75884 /* TodoListViewController.swift */; };
		5F07CB6A2055D9F800C75884 /* Main.storyboard in Resources */ = {isa = PBXBuildFile; fileRef = 5F07CB682055D9F800C75884 /* Main.storyboard */; };
		5F07CB6C2055D9F800C75884 /* Assets.xcassets in Resources */ = {isa = PBXBuildFile; fileRef = 5F07CB6B2055D9F800C75884 /* Assets.xcassets */; };
		5F07CB6F2055D9F800C75884 /* LaunchScreen.storyboard in Resources */ = {isa = PBXBuildFile; fileRef = 5F07CB6D2055D9F800C75884 /* LaunchScreen.storyboard */; };
		5FF515422087C08C00ED8DF9 /* DataModel.xcdatamodeld in Sources */ = {isa = PBXBuildFile; fileRef = 5FF515402087C08C00ED8DF9 /* DataModel.xcdatamodeld */; };
		5FF5408620897F620016B862 /* CategoryViewController.swift in Sources */ = {isa = PBXBuildFile; fileRef = 5FF5408520897F620016B862 /* CategoryViewController.swift */; };
/* End PBXBuildFile section */

/* Begin PBXFileReference section */
		5F07CB612055D9F800C75884 /* Todoey.app */ = {isa = PBXFileReference; explicitFileType = wrapper.application; includeInIndex = 0; path = Todoey.app; sourceTree = BUILT_PRODUCTS_DIR; };
		5F07CB642055D9F800C75884 /* AppDelegate.swift */ = {isa = PBXFileReference; lastKnownFileType = sourcecode.swift; path = AppDelegate.swift; sourceTree = "<group>"; };
		5F07CB662055D9F800C75884 /* TodoListViewController.swift */ = {isa = PBXFileReference; lastKnownFileType = sourcecode.swift; path = TodoListViewController.swift; sourceTree = "<group>"; };
		5F07CB692055D9F800C75884 /* Base */ = {isa = PBXFileReference; lastKnownFileType = file.storyboard; name = Base; path = Base.lproj/Main.storyboard; sourceTree = "<group>"; };
		5F07CB6B2055D9F800C75884 /* Assets.xcassets */ = {isa = PBXFileReference; lastKnownFileType = folder.assetcatalog; path = Assets.xcassets; sourceTree = "<group>"; };
		5F07CB6E2055D9F800C75884 /* Base */ = {isa = PBXFileReference; lastKnownFileType = file.storyboard; name = Base; path = Base.lproj/LaunchScreen.storyboard; sourceTree = "<group>"; };
		5F07CB702055D9F800C75884 /* Info.plist */ = {isa = PBXFileReference; lastKnownFileType = text.plist.xml; path = Info.plist; sourceTree = "<group>"; };
		5FF515412087C08C00ED8DF9 /* DataModel.xcdatamodel */ = {isa = PBXFileReference; lastKnownFileType = wrapper.xcdatamodel; path = DataModel.xcdatamodel; sourceTree = "<group>"; };
		5FF5408520897F620016B862 /* CategoryViewController.swift */ = {isa = PBXFileReference; lastKnownFileType = sourcecode.swift; path = CategoryViewController.swift; sourceTree = "<group>"; };
/* End PBXFileReference section */

/* Begin PBXFrameworksBuildPhase section */
		5F07CB5E2055D9F800C75884 /* Frameworks */ = {
			isa = PBXFrameworksBuildPhase;
			buildActionMask = 2147483647;
			files = (
			);
			runOnlyForDeploymentPostprocessing = 0;
		};
/* End PBXFrameworksBuildPhase section */

/* Begin PBXGroup section */
		5F07CB582055D9F800C75884 = {
			isa = PBXGroup;
			children = (
				5F07CB632055D9F800C75884 /* Todoey */,
				5F07CB622055D9F800C75884 /* Products */,
			);
			sourceTree = "<group>";
		};
		5F07CB622055D9F800C75884 /* Products */ = {
			isa = PBXGroup;
			children = (
				5F07CB612055D9F800C75884 /* Todoey.app */,
			);
			name = Products;
			sourceTree = "<group>";
		};
		5F07CB632055D9F800C75884 /* Todoey */ = {
			isa = PBXGroup;
			children = (
				5F07CB642055D9F800C75884 /* AppDelegate.swift */,
				5F99E0CE20803EF10009949E /* Controllers */,
				5F99E0CD20803EE00009949E /* Data Model */,
				5F99E0CF20803F080009949E /* Views */,
				5F99E0D020803F1D0009949E /* Supporting Files */,
				5F07CB702055D9F800C75884 /* Info.plist */,
			);
			path = Todoey;
			sourceTree = "<group>";
		};
		5F99E0CD20803EE00009949E /* Data Model */ = {
			isa = PBXGroup;
			children = (
				5FF515402087C08C00ED8DF9 /* DataModel.xcdatamodeld */,
			);
			path = "Data Model";
			sourceTree = "<group>";
		};
		5F99E0CE20803EF10009949E /* Controllers */ = {
			isa = PBXGroup;
			children = (
				5FF5408520897F620016B862 /* CategoryViewController.swift */,
				5F07CB662055D9F800C75884 /* TodoListViewController.swift */,
			);
			path = Controllers;
			sourceTree = "<group>";
		};
		5F99E0CF20803F080009949E /* Views */ = {
			isa = PBXGroup;
			children = (
				5F07CB682055D9F800C75884 /* Main.storyboard */,
			);
			path = Views;
			sourceTree = "<group>";
		};
		5F99E0D020803F1D0009949E /* Supporting Files */ = {
			isa = PBXGroup;
			children = (
				5F07CB6B2055D9F800C75884 /* Assets.xcassets */,
				5F07CB6D2055D9F800C75884 /* LaunchScreen.storyboard */,
			);
			path = "Supporting Files";
			sourceTree = "<group>";
		};
/* End PBXGroup section */

/* Begin PBXNativeTarget section */
		5F07CB602055D9F800C75884 /* Todoey */ = {
			isa = PBXNativeTarget;
			buildConfigurationList = 5F07CB732055D9F800C75884 /* Build configuration list for PBXNativeTarget "Todoey" */;
			buildPhases = (
				5F07CB5D2055D9F800C75884 /* Sources */,
				5F07CB5E2055D9F800C75884 /* Frameworks */,
				5F07CB5F2055D9F800C75884 /* Resources */,
			);
			buildRules = (
			);
			dependencies = (
			);
			name = Todoey;
			productName = Todoey;
			productReference = 5F07CB612055D9F800C75884 /* Todoey.app */;
			productType = "com.apple.product-type.application";
		};
/* End PBXNativeTarget section */

/* Begin PBXProject section */
		5F07CB592055D9F800C75884 /* Project object */ = {
			isa = PBXProject;
			attributes = {
				LastSwiftUpdateCheck = 0920;
				LastUpgradeCheck = 0920;
				ORGANIZATIONNAME = Apis;
				TargetAttributes = {
					5F07CB602055D9F800C75884 = {
						CreatedOnToolsVersion = 9.2;
						ProvisioningStyle = Automatic;
					};
				};
			};
			buildConfigurationList = 5F07CB5C2055D9F800C75884 /* Build configuration list for PBXProject "Todoey" */;
			compatibilityVersion = "Xcode 8.0";
			developmentRegion = en;
			hasScannedForEncodings = 0;
			knownRegions = (
				en,
				Base,
			);
			mainGroup = 5F07CB582055D9F800C75884;
			productRefGroup = 5F07CB622055D9F800C75884 /* Products */;
			projectDirPath = "";
			projectRoot = "";
			targets = (
				5F07CB602055D9F800C75884 /* Todoey */,
			);
		};
/* End PBXProject section */

/* Begin PBXResourcesBuildPhase section */
		5F07CB5F2055D9F800C75884 /* Resources */ = {
			isa = PBXResourcesBuildPhase;
			buildActionMask = 2147483647;
			files = (
				5F07CB6F2055D9F800C75884 /* LaunchScreen.storyboard in Resources */,
				5F07CB6C2055D9F800C75884 /* Assets.xcassets in Resources */,
				5F07CB6A2055D9F800C75884 /* Main.storyboard in Resources */,
			);
			runOnlyForDeploymentPostprocessing = 0;
		};
/* End PBXResourcesBuildPhase section */

/* Begin PBXSourcesBuildPhase section */
		5F07CB5D2055D9F800C75884 /* Sources */ = {
			isa = PBXSourcesBuildPhase;
			buildActionMask = 2147483647;
			files = (
				5FF5408620897F620016B862 /* CategoryViewController.swift in Sources */,
				5F07CB672055D9F800C75884 /* TodoListViewController.swift in Sources */,
				5FF515422087C08C00ED8DF9 /* DataModel.xcdatamodeld in Sources */,
				5F07CB652055D9F800C75884 /* AppDelegate.swift in Sources */,
			);
			runOnlyForDeploymentPostprocessing = 0;
		};
/* End PBXSourcesBuildPhase section */

/* Begin PBXVariantGroup section */
		5F07CB682055D9F800C75884 /* Main.storyboard */ = {
			isa = PBXVariantGroup;
			children = (
				5F07CB692055D9F800C75884 /* Base */,
			);
			name = Main.storyboard;
			sourceTree = "<group>";
		};
		5F07CB6D2055D9F800C75884 /* LaunchScreen.storyboard */ = {
			isa = PBXVariantGroup;
			children = (
				5F07CB6E2055D9F800C75884 /* Base */,
			);
			name = LaunchScreen.storyboard;
			sourceTree = "<group>";
		};
/* End PBXVariantGroup section */

/* Begin XCBuildConfiguration section */
		5F07CB712055D9F800C75884 /* Debug */ = {
			isa = XCBuildConfiguration;
			buildSettings = {
				ALWAYS_SEARCH_USER_PATHS = NO;
				CLANG_ANALYZER_NONNULL = YES;
				CLANG_ANALYZER_NUMBER_OBJECT_CONVERSION = YES_AGGRESSIVE;
				CLANG_CXX_LANGUAGE_STANDARD = "gnu++14";
				CLANG_CXX_LIBRARY = "libc++";
				CLANG_ENABLE_MODULES = YES;
				CLANG_ENABLE_OBJC_ARC = YES;
				CLANG_WARN_BLOCK_CAPTURE_AUTORELEASING = YES;
				CLANG_WARN_BOOL_CONVERSION = YES;
				CLANG_WARN_COMMA = YES;
				CLANG_WARN_CONSTANT_CONVERSION = YES;
				CLANG_WARN_DIRECT_OBJC_ISA_USAGE = YES_ERROR;
				CLANG_WARN_DOCUMENTATION_COMMENTS = YES;
				CLANG_WARN_EMPTY_BODY = YES;
				CLANG_WARN_ENUM_CONVERSION = YES;
				CLANG_WARN_INFINITE_RECURSION = YES;
				CLANG_WARN_INT_CONVERSION = YES;
				CLANG_WARN_NON_LITERAL_NULL_CONVERSION = YES;
				CLANG_WARN_OBJC_LITERAL_CONVERSION = YES;
				CLANG_WARN_OBJC_ROOT_CLASS = YES_ERROR;
				CLANG_WARN_RANGE_LOOP_ANALYSIS = YES;
				CLANG_WARN_STRICT_PROTOTYPES = YES;
				CLANG_WARN_SUSPICIOUS_MOVE = YES;
				CLANG_WARN_UNGUARDED_AVAILABILITY = YES_AGGRESSIVE;
				CLANG_WARN_UNREACHABLE_CODE = YES;
				CLANG_WARN__DUPLICATE_METHOD_MATCH = YES;
				CODE_SIGN_IDENTITY = "iPhone Developer";
				COPY_PHASE_STRIP = NO;
				DEBUG_INFORMATION_FORMAT = dwarf;
				ENABLE_STRICT_OBJC_MSGSEND = YES;
				ENABLE_TESTABILITY = YES;
				GCC_C_LANGUAGE_STANDARD = gnu11;
				GCC_DYNAMIC_NO_PIC = NO;
				GCC_NO_COMMON_BLOCKS = YES;
				GCC_OPTIMIZATION_LEVEL = 0;
				GCC_PREPROCESSOR_DEFINITIONS = (
					"DEBUG=1",
					"$(inherited)",
				);
				GCC_WARN_64_TO_32_BIT_CONVERSION = YES;
				GCC_WARN_ABOUT_RETURN_TYPE = YES_ERROR;
				GCC_WARN_UNDECLARED_SELECTOR = YES;
				GCC_WARN_UNINITIALIZED_AUTOS = YES_AGGRESSIVE;
				GCC_WARN_UNUSED_FUNCTION = YES;
				GCC_WARN_UNUSED_VARIABLE = YES;
				IPHONEOS_DEPLOYMENT_TARGET = 11.2;
				MTL_ENABLE_DEBUG_INFO = YES;
				ONLY_ACTIVE_ARCH = YES;
				SDKROOT = iphoneos;
				SWIFT_ACTIVE_COMPILATION_CONDITIONS = DEBUG;
				SWIFT_OPTIMIZATION_LEVEL = "-Onone";
			};
			name = Debug;
		};
		5F07CB722055D9F800C75884 /* Release */ = {
			isa = XCBuildConfiguration;
			buildSettings = {
				ALWAYS_SEARCH_USER_PATHS = NO;
				CLANG_ANALYZER_NONNULL = YES;
				CLANG_ANALYZER_NUMBER_OBJECT_CONVERSION = YES_AGGRESSIVE;
				CLANG_CXX_LANGUAGE_STANDARD = "gnu++14";
				CLANG_CXX_LIBRARY = "libc++";
				CLANG_ENABLE_MODULES = YES;
				CLANG_ENABLE_OBJC_ARC = YES;
				CLANG_WARN_BLOCK_CAPTURE_AUTORELEASING = YES;
				CLANG_WARN_BOOL_CONVERSION = YES;
				CLANG_WARN_COMMA = YES;
				CLANG_WARN_CONSTANT_CONVERSION = YES;
				CLANG_WARN_DIRECT_OBJC_ISA_USAGE = YES_ERROR;
				CLANG_WARN_DOCUMENTATION_COMMENTS = YES;
				CLANG_WARN_EMPTY_BODY = YES;
				CLANG_WARN_ENUM_CONVERSION = YES;
				CLANG_WARN_INFINITE_RECURSION = YES;
				CLANG_WARN_INT_CONVERSION = YES;
				CLANG_WARN_NON_LITERAL_NULL_CONVERSION = YES;
				CLANG_WARN_OBJC_LITERAL_CONVERSION = YES;
				CLANG_WARN_OBJC_ROOT_CLASS = YES_ERROR;
				CLANG_WARN_RANGE_LOOP_ANALYSIS = YES;
				CLANG_WARN_STRICT_PROTOTYPES = YES;
				CLANG_WARN_SUSPICIOUS_MOVE = YES;
				CLANG_WARN_UNGUARDED_AVAILABILITY = YES_AGGRESSIVE;
				CLANG_WARN_UNREACHABLE_CODE = YES;
				CLANG_WARN__DUPLICATE_METHOD_MATCH = YES;
				CODE_SIGN_IDENTITY = "iPhone Developer";
				COPY_PHASE_STRIP = NO;
				DEBUG_INFORMATION_FORMAT = "dwarf-with-dsym";
				ENABLE_NS_ASSERTIONS = NO;
				ENABLE_STRICT_OBJC_MSGSEND = YES;
				GCC_C_LANGUAGE_STANDARD = gnu11;
				GCC_NO_COMMON_BLOCKS = YES;
				GCC_WARN_64_TO_32_BIT_CONVERSION = YES;
				GCC_WARN_ABOUT_RETURN_TYPE = YES_ERROR;
				GCC_WARN_UNDECLARED_SELECTOR = YES;
				GCC_WARN_UNINITIALIZED_AUTOS = YES_AGGRESSIVE;
				GCC_WARN_UNUSED_FUNCTION = YES;
				GCC_WARN_UNUSED_VARIABLE = YES;
				IPHONEOS_DEPLOYMENT_TARGET = 11.2;
				MTL_ENABLE_DEBUG_INFO = NO;
				SDKROOT = iphoneos;
				SWIFT_OPTIMIZATION_LEVEL = "-Owholemodule";
				VALIDATE_PRODUCT = YES;
			};
			name = Release;
		};
		5F07CB742055D9F800C75884 /* Debug */ = {
			isa = XCBuildConfiguration;
			buildSettings = {
				ASSETCATALOG_COMPILER_APPICON_NAME = AppIcon;
				CODE_SIGN_STYLE = Automatic;
				DEVELOPMENT_TEAM = L4LFLPKQCP;
				INFOPLIST_FILE = Todoey/Info.plist;
				LD_RUNPATH_SEARCH_PATHS = "$(inherited) @executable_path/Frameworks";
				PRODUCT_BUNDLE_IDENTIFIER = COM.deandrejones.Todoey;
				PRODUCT_NAME = "$(TARGET_NAME)";
				SWIFT_VERSION = 4.0;
				TARGETED_DEVICE_FAMILY = "1,2";
			};
			name = Debug;
		};
		5F07CB752055D9F800C75884 /* Release */ = {
			isa = XCBuildConfiguration;
			buildSettings = {
				ASSETCATALOG_COMPILER_APPICON_NAME = AppIcon;
				CODE_SIGN_STYLE = Automatic;
				DEVELOPMENT_TEAM = L4LFLPKQCP;
				INFOPLIST_FILE = Todoey/Info.plist;
				LD_RUNPATH_SEARCH_PATHS = "$(inherited) @executable_path/Frameworks";
				PRODUCT_BUNDLE_IDENTIFIER = COM.deandrejones.Todoey;
				PRODUCT_NAME = "$(TARGET_NAME)";
				SWIFT_VERSION = 4.0;
				TARGETED_DEVICE_FAMILY = "1,2";
			};
			name = Release;
		};
/* End XCBuildConfiguration section */

/* Begin XCConfigurationList section */
		5F07CB5C2055D9F800C75884 /* Build configuration list for PBXProject "Todoey" */ = {
			isa = XCConfigurationList;
			buildConfigurations = (
				5F07CB712055D9F800C75884 /* Debug */,
				5F07CB722055D9F800C75884 /* Release */,
			);
			defaultConfigurationIsVisible = 0;
			defaultConfigurationName = Release;
		};
		5F07CB732055D9F800C75884 /* Build configuration list for PBXNativeTarget "Todoey" */ = {
			isa = XCConfigurationList;
			buildConfigurations = (
				5F07CB742055D9F800C75884 /* Debug */,
				5F07CB752055D9F800C75884 /* Release */,
			);
			defaultConfigurationIsVisible = 0;
			defaultConfigurationName = Release;
		};
/* End XCConfigurationList section */

/* Begin XCVersionGroup section */
		5FF515402087C08C00ED8DF9 /* DataModel.xcdatamodeld */ = {
			isa = XCVersionGroup;
			children = (
				5FF515412087C08C00ED8DF9 /* DataModel.xcdatamodel */,
			);
			currentVersion = 5FF515412087C08C00ED8DF9 /* DataModel.xcdatamodel */;
			path = DataModel.xcdatamodeld;
			sourceTree = "<group>";
			versionGroupType = wrapper.xcdatamodel;
		};
/* End XCVersionGroup section */
	};
	rootObject = 5F07CB592055D9F800C75884 /* Project object */;
}
